// !$*UTF8*$!
{
	archiveVersion = 1;
	classes = {
	};
	objectVersion = 50;
	objects = {

/* Begin PBXBuildFile section */
		C70B2C5D25D54EFF00655EC5 /* FavoritesDetailView.swift in Sources */ = {isa = PBXBuildFile; fileRef = C70B2C5C25D54EFF00655EC5 /* FavoritesDetailView.swift */; };
		C778F8D425D59DEF008E1C45 /* UrlWebView.swift in Sources */ = {isa = PBXBuildFile; fileRef = C778F8D325D59DEF008E1C45 /* UrlWebView.swift */; };
		C791A85525B20998008885B0 /* HERE_WeSportApp.swift in Sources */ = {isa = PBXBuildFile; fileRef = C791A85425B20998008885B0 /* HERE_WeSportApp.swift */; };
		C791A85725B20998008885B0 /* ContentView.swift in Sources */ = {isa = PBXBuildFile; fileRef = C791A85625B20998008885B0 /* ContentView.swift */; };
		C791A85925B20998008885B0 /* Assets.xcassets in Resources */ = {isa = PBXBuildFile; fileRef = C791A85825B20998008885B0 /* Assets.xcassets */; };
		C791A85C25B20998008885B0 /* Preview Assets.xcassets in Resources */ = {isa = PBXBuildFile; fileRef = C791A85B25B20998008885B0 /* Preview Assets.xcassets */; };
		C791A86525B21112008885B0 /* DiscoverView.swift in Sources */ = {isa = PBXBuildFile; fileRef = C791A86425B21112008885B0 /* DiscoverView.swift */; };
		C791A86B25B21132008885B0 /* SettingsView.swift in Sources */ = {isa = PBXBuildFile; fileRef = C791A86A25B21132008885B0 /* SettingsView.swift */; };
		C791A87325B2118D008885B0 /* FavoritesView.swift in Sources */ = {isa = PBXBuildFile; fileRef = C791A87225B2118D008885B0 /* FavoritesView.swift */; };
/* End PBXBuildFile section */

/* Begin PBXFileReference section */
		C70B2C5C25D54EFF00655EC5 /* FavoritesDetailView.swift */ = {isa = PBXFileReference; lastKnownFileType = sourcecode.swift; path = FavoritesDetailView.swift; sourceTree = "<group>"; };
		C778F8D325D59DEF008E1C45 /* UrlWebView.swift */ = {isa = PBXFileReference; lastKnownFileType = sourcecode.swift; path = UrlWebView.swift; sourceTree = "<group>"; };
		C791A85125B20998008885B0 /* HERE WeSport.app */ = {isa = PBXFileReference; explicitFileType = wrapper.application; includeInIndex = 0; path = "HERE WeSport.app"; sourceTree = BUILT_PRODUCTS_DIR; };
		C791A85425B20998008885B0 /* HERE_WeSportApp.swift */ = {isa = PBXFileReference; lastKnownFileType = sourcecode.swift; path = HERE_WeSportApp.swift; sourceTree = "<group>"; };
		C791A85625B20998008885B0 /* ContentView.swift */ = {isa = PBXFileReference; lastKnownFileType = sourcecode.swift; path = ContentView.swift; sourceTree = "<group>"; };
		C791A85825B20998008885B0 /* Assets.xcassets */ = {isa = PBXFileReference; lastKnownFileType = folder.assetcatalog; path = Assets.xcassets; sourceTree = "<group>"; };
		C791A85B25B20998008885B0 /* Preview Assets.xcassets */ = {isa = PBXFileReference; lastKnownFileType = folder.assetcatalog; path = "Preview Assets.xcassets"; sourceTree = "<group>"; };
		C791A85D25B20998008885B0 /* Info.plist */ = {isa = PBXFileReference; lastKnownFileType = text.plist.xml; path = Info.plist; sourceTree = "<group>"; };
		C791A86425B21112008885B0 /* DiscoverView.swift */ = {isa = PBXFileReference; lastKnownFileType = sourcecode.swift; path = DiscoverView.swift; sourceTree = "<group>"; };
		C791A86A25B21132008885B0 /* SettingsView.swift */ = {isa = PBXFileReference; lastKnownFileType = sourcecode.swift; path = SettingsView.swift; sourceTree = "<group>"; };
		C791A87225B2118D008885B0 /* FavoritesView.swift */ = {isa = PBXFileReference; lastKnownFileType = sourcecode.swift; path = FavoritesView.swift; sourceTree = "<group>"; };
		C791A87725B21527008885B0 /* heresdk */ = {isa = PBXFileReference; lastKnownFileType = folder; path = heresdk; sourceTree = "<group>"; };
		C791A87825B21536008885B0 /* heresdk.xcframework */ = {isa = PBXFileReference; lastKnownFileType = wrapper.xcframework; name = heresdk.xcframework; path = heresdk/frameworks/heresdk.xcframework; sourceTree = "<group>"; };
/* End PBXFileReference section */

/* Begin PBXFrameworksBuildPhase section */
		C791A84E25B20998008885B0 /* Frameworks */ = {
			isa = PBXFrameworksBuildPhase;
			buildActionMask = 2147483647;
			files = (
			);
			runOnlyForDeploymentPostprocessing = 0;
		};
/* End PBXFrameworksBuildPhase section */

/* Begin PBXGroup section */
		C791A84825B20998008885B0 = {
			isa = PBXGroup;
			children = (
				C791A85325B20998008885B0 /* HERE WeSport */,
				C791A85225B20998008885B0 /* Products */,
				C791A87625B21527008885B0 /* Frameworks */,
			);
			sourceTree = "<group>";
		};
		C791A85225B20998008885B0 /* Products */ = {
			isa = PBXGroup;
			children = (
				C791A85125B20998008885B0 /* HERE WeSport.app */,
			);
			name = Products;
			sourceTree = "<group>";
		};
		C791A85325B20998008885B0 /* HERE WeSport */ = {
			isa = PBXGroup;
			children = (
				C791A85425B20998008885B0 /* HERE_WeSportApp.swift */,
				C791A85625B20998008885B0 /* ContentView.swift */,
				C791A86425B21112008885B0 /* DiscoverView.swift */,
				C778F8D325D59DEF008E1C45 /* UrlWebView.swift */,
				C791A87225B2118D008885B0 /* FavoritesView.swift */,
				C70B2C5C25D54EFF00655EC5 /* FavoritesDetailView.swift */,
				C791A86A25B21132008885B0 /* SettingsView.swift */,
				C791A85825B20998008885B0 /* Assets.xcassets */,
				C791A85D25B20998008885B0 /* Info.plist */,
				C791A85A25B20998008885B0 /* Preview Content */,
			);
			path = "HERE WeSport";
			sourceTree = "<group>";
		};
		C791A85A25B20998008885B0 /* Preview Content */ = {
			isa = PBXGroup;
			children = (
				C791A85B25B20998008885B0 /* Preview Assets.xcassets */,
			);
			path = "Preview Content";
			sourceTree = "<group>";
		};
		C791A87625B21527008885B0 /* Frameworks */ = {
			isa = PBXGroup;
			children = (
				C791A87825B21536008885B0 /* heresdk.xcframework */,
				C791A87725B21527008885B0 /* heresdk */,
			);
			name = Frameworks;
			sourceTree = "<group>";
		};
/* End PBXGroup section */

/* Begin PBXNativeTarget section */
		C791A85025B20998008885B0 /* HERE WeSport */ = {
			isa = PBXNativeTarget;
			buildConfigurationList = C791A86025B20998008885B0 /* Build configuration list for PBXNativeTarget "HERE WeSport" */;
			buildPhases = (
				C791A84D25B20998008885B0 /* Sources */,
				C791A84E25B20998008885B0 /* Frameworks */,
				C791A84F25B20998008885B0 /* Resources */,
			);
			buildRules = (
			);
			dependencies = (
			);
			name = "HERE WeSport";
			productName = "HERE WeSport";
			productReference = C791A85125B20998008885B0 /* HERE WeSport.app */;
			productType = "com.apple.product-type.application";
		};
/* End PBXNativeTarget section */

/* Begin PBXProject section */
		C791A84925B20998008885B0 /* Project object */ = {
			isa = PBXProject;
			attributes = {
				LastSwiftUpdateCheck = 1230;
				LastUpgradeCheck = 1230;
				TargetAttributes = {
					C791A85025B20998008885B0 = {
						CreatedOnToolsVersion = 12.3;
					};
				};
			};
			buildConfigurationList = C791A84C25B20998008885B0 /* Build configuration list for PBXProject "HERE WeSport" */;
			compatibilityVersion = "Xcode 9.3";
			developmentRegion = en;
			hasScannedForEncodings = 0;
			knownRegions = (
				en,
				Base,
			);
			mainGroup = C791A84825B20998008885B0;
			productRefGroup = C791A85225B20998008885B0 /* Products */;
			projectDirPath = "";
			projectRoot = "";
			targets = (
				C791A85025B20998008885B0 /* HERE WeSport */,
			);
		};
/* End PBXProject section */

/* Begin PBXResourcesBuildPhase section */
		C791A84F25B20998008885B0 /* Resources */ = {
			isa = PBXResourcesBuildPhase;
			buildActionMask = 2147483647;
			files = (
				C791A85C25B20998008885B0 /* Preview Assets.xcassets in Resources */,
				C791A85925B20998008885B0 /* Assets.xcassets in Resources */,
			);
			runOnlyForDeploymentPostprocessing = 0;
		};
/* End PBXResourcesBuildPhase section */

/* Begin PBXSourcesBuildPhase section */
		C791A84D25B20998008885B0 /* Sources */ = {
			isa = PBXSourcesBuildPhase;
			buildActionMask = 2147483647;
			files = (
				C791A87325B2118D008885B0 /* FavoritesView.swift in Sources */,
				C791A86B25B21132008885B0 /* SettingsView.swift in Sources */,
				C791A85725B20998008885B0 /* ContentView.swift in Sources */,
				C791A85525B20998008885B0 /* HERE_WeSportApp.swift in Sources */,
				C791A86525B21112008885B0 /* DiscoverView.swift in Sources */,
				C70B2C5D25D54EFF00655EC5 /* FavoritesDetailView.swift in Sources */,
				C778F8D425D59DEF008E1C45 /* UrlWebView.swift in Sources */,
			);
			runOnlyForDeploymentPostprocessing = 0;
		};
/* End PBXSourcesBuildPhase section */

/* Begin XCBuildConfiguration section */
		C791A85E25B20998008885B0 /* Debug */ = {
			isa = XCBuildConfiguration;
			buildSettings = {
				ALWAYS_SEARCH_USER_PATHS = NO;
				CLANG_ANALYZER_NONNULL = YES;
				CLANG_ANALYZER_NUMBER_OBJECT_CONVERSION = YES_AGGRESSIVE;
				CLANG_CXX_LANGUAGE_STANDARD = "gnu++14";
				CLANG_CXX_LIBRARY = "libc++";
				CLANG_ENABLE_MODULES = YES;
				CLANG_ENABLE_OBJC_ARC = YES;
				CLANG_ENABLE_OBJC_WEAK = YES;
				CLANG_WARN_BLOCK_CAPTURE_AUTORELEASING = YES;
				CLANG_WARN_BOOL_CONVERSION = YES;
				CLANG_WARN_COMMA = YES;
				CLANG_WARN_CONSTANT_CONVERSION = YES;
				CLANG_WARN_DEPRECATED_OBJC_IMPLEMENTATIONS = YES;
				CLANG_WARN_DIRECT_OBJC_ISA_USAGE = YES_ERROR;
				CLANG_WARN_DOCUMENTATION_COMMENTS = YES;
				CLANG_WARN_EMPTY_BODY = YES;
				CLANG_WARN_ENUM_CONVERSION = YES;
				CLANG_WARN_INFINITE_RECURSION = YES;
				CLANG_WARN_INT_CONVERSION = YES;
				CLANG_WARN_NON_LITERAL_NULL_CONVERSION = YES;
				CLANG_WARN_OBJC_IMPLICIT_RETAIN_SELF = YES;
				CLANG_WARN_OBJC_LITERAL_CONVERSION = YES;
				CLANG_WARN_OBJC_ROOT_CLASS = YES_ERROR;
				CLANG_WARN_QUOTED_INCLUDE_IN_FRAMEWORK_HEADER = YES;
				CLANG_WARN_RANGE_LOOP_ANALYSIS = YES;
				CLANG_WARN_STRICT_PROTOTYPES = YES;
				CLANG_WARN_SUSPICIOUS_MOVE = YES;
				CLANG_WARN_UNGUARDED_AVAILABILITY = YES_AGGRESSIVE;
				CLANG_WARN_UNREACHABLE_CODE = YES;
				CLANG_WARN__DUPLICATE_METHOD_MATCH = YES;
				COPY_PHASE_STRIP = NO;
				DEBUG_INFORMATION_FORMAT = dwarf;
				ENABLE_STRICT_OBJC_MSGSEND = YES;
				ENABLE_TESTABILITY = YES;
				GCC_C_LANGUAGE_STANDARD = gnu11;
				GCC_DYNAMIC_NO_PIC = NO;
				GCC_NO_COMMON_BLOCKS = YES;
				GCC_OPTIMIZATION_LEVEL = 0;
				GCC_PREPROCESSOR_DEFINITIONS = (
					"DEBUG=1",
					"$(inherited)",
				);
				GCC_WARN_64_TO_32_BIT_CONVERSION = YES;
				GCC_WARN_ABOUT_RETURN_TYPE = YES_ERROR;
				GCC_WARN_UNDECLARED_SELECTOR = YES;
				GCC_WARN_UNINITIALIZED_AUTOS = YES_AGGRESSIVE;
				GCC_WARN_UNUSED_FUNCTION = YES;
				GCC_WARN_UNUSED_VARIABLE = YES;
				IPHONEOS_DEPLOYMENT_TARGET = 14.3;
				MTL_ENABLE_DEBUG_INFO = INCLUDE_SOURCE;
				MTL_FAST_MATH = YES;
				ONLY_ACTIVE_ARCH = YES;
				SDKROOT = iphoneos;
				SWIFT_ACTIVE_COMPILATION_CONDITIONS = DEBUG;
				SWIFT_OPTIMIZATION_LEVEL = "-Onone";
			};
			name = Debug;
		};
		C791A85F25B20998008885B0 /* Release */ = {
			isa = XCBuildConfiguration;
			buildSettings = {
				ALWAYS_SEARCH_USER_PATHS = NO;
				CLANG_ANALYZER_NONNULL = YES;
				CLANG_ANALYZER_NUMBER_OBJECT_CONVERSION = YES_AGGRESSIVE;
				CLANG_CXX_LANGUAGE_STANDARD = "gnu++14";
				CLANG_CXX_LIBRARY = "libc++";
				CLANG_ENABLE_MODULES = YES;
				CLANG_ENABLE_OBJC_ARC = YES;
				CLANG_ENABLE_OBJC_WEAK = YES;
				CLANG_WARN_BLOCK_CAPTURE_AUTORELEASING = YES;
				CLANG_WARN_BOOL_CONVERSION = YES;
				CLANG_WARN_COMMA = YES;
				CLANG_WARN_CONSTANT_CONVERSION = YES;
				CLANG_WARN_DEPRECATED_OBJC_IMPLEMENTATIONS = YES;
				CLANG_WARN_DIRECT_OBJC_ISA_USAGE = YES_ERROR;
				CLANG_WARN_DOCUMENTATION_COMMENTS = YES;
				CLANG_WARN_EMPTY_BODY = YES;
				CLANG_WARN_ENUM_CONVERSION = YES;
				CLANG_WARN_INFINITE_RECURSION = YES;
				CLANG_WARN_INT_CONVERSION = YES;
				CLANG_WARN_NON_LITERAL_NULL_CONVERSION = YES;
				CLANG_WARN_OBJC_IMPLICIT_RETAIN_SELF = YES;
				CLANG_WARN_OBJC_LITERAL_CONVERSION = YES;
				CLANG_WARN_OBJC_ROOT_CLASS = YES_ERROR;
				CLANG_WARN_QUOTED_INCLUDE_IN_FRAMEWORK_HEADER = YES;
				CLANG_WARN_RANGE_LOOP_ANALYSIS = YES;
				CLANG_WARN_STRICT_PROTOTYPES = YES;
				CLANG_WARN_SUSPICIOUS_MOVE = YES;
				CLANG_WARN_UNGUARDED_AVAILABILITY = YES_AGGRESSIVE;
				CLANG_WARN_UNREACHABLE_CODE = YES;
				CLANG_WARN__DUPLICATE_METHOD_MATCH = YES;
				COPY_PHASE_STRIP = NO;
				DEBUG_INFORMATION_FORMAT = "dwarf-with-dsym";
				ENABLE_NS_ASSERTIONS = NO;
				ENABLE_STRICT_OBJC_MSGSEND = YES;
				GCC_C_LANGUAGE_STANDARD = gnu11;
				GCC_NO_COMMON_BLOCKS = YES;
				GCC_WARN_64_TO_32_BIT_CONVERSION = YES;
				GCC_WARN_ABOUT_RETURN_TYPE = YES_ERROR;
				GCC_WARN_UNDECLARED_SELECTOR = YES;
				GCC_WARN_UNINITIALIZED_AUTOS = YES_AGGRESSIVE;
				GCC_WARN_UNUSED_FUNCTION = YES;
				GCC_WARN_UNUSED_VARIABLE = YES;
				IPHONEOS_DEPLOYMENT_TARGET = 14.3;
				MTL_ENABLE_DEBUG_INFO = NO;
				MTL_FAST_MATH = YES;
				SDKROOT = iphoneos;
				SWIFT_COMPILATION_MODE = wholemodule;
				SWIFT_OPTIMIZATION_LEVEL = "-O";
				VALIDATE_PRODUCT = YES;
			};
			name = Release;
		};
		C791A86125B20998008885B0 /* Debug */ = {
			isa = XCBuildConfiguration;
			buildSettings = {
				ASSETCATALOG_COMPILER_APPICON_NAME = AppIcon;
				ASSETCATALOG_COMPILER_GLOBAL_ACCENT_COLOR_NAME = AccentColor;
				CODE_SIGN_STYLE = Automatic;
				DEVELOPMENT_ASSET_PATHS = "\"HERE WeSport/Preview Content\"";
				ENABLE_PREVIEWS = YES;
				INFOPLIST_FILE = "HERE WeSport/Info.plist";
				IPHONEOS_DEPLOYMENT_TARGET = 14.0;
				LD_RUNPATH_SEARCH_PATHS = (
					"$(inherited)",
					"@executable_path/Frameworks",
				);
				PRODUCT_BUNDLE_IDENTIFIER = "Big-Oof.HERE-WeSport";
				PRODUCT_NAME = "$(TARGET_NAME)";
				SWIFT_VERSION = 5.0;
				TARGETED_DEVICE_FAMILY = "1,2";
			};
			name = Debug;
		};
		C791A86225B20998008885B0 /* Release */ = {
			isa = XCBuildConfiguration;
			buildSettings = {
				ASSETCATALOG_COMPILER_APPICON_NAME = AppIcon;
				ASSETCATALOG_COMPILER_GLOBAL_ACCENT_COLOR_NAME = AccentColor;
				CODE_SIGN_STYLE = Automatic;
				DEVELOPMENT_ASSET_PATHS = "\"HERE WeSport/Preview Content\"";
				ENABLE_PREVIEWS = YES;
				INFOPLIST_FILE = "HERE WeSport/Info.plist";
				IPHONEOS_DEPLOYMENT_TARGET = 14.0;
				LD_RUNPATH_SEARCH_PATHS = (
					"$(inherited)",
					"@executable_path/Frameworks",
				);
				PRODUCT_BUNDLE_IDENTIFIER = "Big-Oof.HERE-WeSport";
				PRODUCT_NAME = "$(TARGET_NAME)";
				SWIFT_VERSION = 5.0;
				TARGETED_DEVICE_FAMILY = "1,2";
			};
			name = Release;
		};
/* End XCBuildConfiguration section */

/* Begin XCConfigurationList section */
		C791A84C25B20998008885B0 /* Build configuration list for PBXProject "HERE WeSport" */ = {
			isa = XCConfigurationList;
			buildConfigurations = (
				C791A85E25B20998008885B0 /* Debug */,
				C791A85F25B20998008885B0 /* Release */,
			);
			defaultConfigurationIsVisible = 0;
			defaultConfigurationName = Release;
		};
		C791A86025B20998008885B0 /* Build configuration list for PBXNativeTarget "HERE WeSport" */ = {
			isa = XCConfigurationList;
			buildConfigurations = (
				C791A86125B20998008885B0 /* Debug */,
				C791A86225B20998008885B0 /* Release */,
			);
			defaultConfigurationIsVisible = 0;
			defaultConfigurationName = Release;
		};
/* End XCConfigurationList section */
	};
	rootObject = C791A84925B20998008885B0 /* Project object */;
}
